# THIS IS AN AUTOGENERATED FILE. DO NOT EDIT THIS FILE DIRECTLY.
# yarn lockfile v1


"@arkecosystem/crypto@~0.2":
  version "0.2.6"
  resolved "https://registry.yarnpkg.com/@arkecosystem/crypto/-/crypto-0.2.6.tgz#6f1d435fe8bec4ed2b80220dcdc5ccf9087df4c7"
  integrity sha512-L96Abkn/7M6urMkA9jnDx9Fq4oSQz1a1oEd/gxkueBUPWGzm/UCGXRYMG49wOMQRcLuGcqw4zmDZqmbai7exVw==
  dependencies:
    bignumber.js "^8.0.1"
    bip32 "^1.0.2"
    bip38 "^2.0.2"
    bip39 "^2.5.0"
    bs58check "^2.1.2"
    bytebuffer "^5.0.1"
    create-hash "^1.2.0"
    dayjs-ext "^2.2.0"
    deepmerge "^3.0.0"
    joi "^14.3.0"
    lodash.camelcase "^4.3.0"
    lodash.clonedeepwith "^4.5.0"
    lodash.get "^4.4.2"
    node-forge "^0.7.6"
    otplib "^10.0.1"
    pluralize "^7.0.0"
    secp256k1 "^3.5.2"
    tiny-glob "^0.2.3"
    webpack-merge "^4.1.4"
    webpack-node-externals "^1.7.2"
    wif "^2.0.6"

ambi@^2.4.0:
  version "2.5.0"
  resolved "https://registry.yarnpkg.com/ambi/-/ambi-2.5.0.tgz#7c8e372be48891157e7cea01cb6f9143d1f74220"
  integrity sha1-fI43K+SIkRV+fOoBy2+RQ9H3QiA=
  dependencies:
    editions "^1.1.1"
    typechecker "^4.3.0"

ansi-styles@^3.2.1:
  version "3.2.1"
  resolved "https://registry.yarnpkg.com/ansi-styles/-/ansi-styles-3.2.1.tgz#41fbb20243e50b12be0f04b8dedbf07520ce841d"
  integrity sha512-VT0ZI6kZRdTh8YyJw3SMbYm/u+NqfsAxEpWO0Pf9sq8/e94WxxOpPKx9FR1FlyCtOVDNOQ+8ntlqFxiRc+r5qA==
  dependencies:
    color-convert "^1.9.0"

args@^5.0.0:
  version "5.0.0"
  resolved "https://registry.yarnpkg.com/args/-/args-5.0.0.tgz#8a3e376f28550f9fbdfefcb097179f2f75848efe"
  integrity sha512-eCZo33yLdQ3DiG/Ko5n11uPonyYofYd9F2cqWID8TKGZwK/Z2ZcUj/oZ1HNMeNL2lgraPnv3JBZumfbUMqmZtg==
  dependencies:
    camelcase "5.0.0"
    chalk "2.4.1"
    leven "2.1.0"
    mri "1.1.1"

base-x@^3.0.2:
  version "3.0.5"
  resolved "https://registry.yarnpkg.com/base-x/-/base-x-3.0.5.tgz#d3ada59afed05b921ab581ec3112e6444ba0795a"
  integrity sha512-C3picSgzPSLE+jW3tcBzJoGwitOtazb5B+5YmAxZm2ybmTi9LNgAtDO/jjVEBZwHoXmDBZ9m/IELj3elJVRBcA==
  dependencies:
    safe-buffer "^5.0.1"

bigi@^1.1.0, bigi@^1.2.0:
  version "1.4.2"
  resolved "https://registry.yarnpkg.com/bigi/-/bigi-1.4.2.tgz#9c665a95f88b8b08fc05cfd731f561859d725825"
  integrity sha1-nGZalfiLiwj8Bc/XMfVhhZ1yWCU=

bignumber.js@^8.0.1:
  version "8.0.2"
  resolved "https://registry.yarnpkg.com/bignumber.js/-/bignumber.js-8.0.2.tgz#d8c4e1874359573b1ef03011a2d861214aeef137"
  integrity sha512-EiuvFrnbv0jFixEQ9f58jo7X0qI2lNGIr/MxntmVzQc5JUweDSh8y8hbTCAomFtqwUPIOWcLXP0VEOSZTG7FFw==

bindings@^1.2.1, bindings@^1.3.0:
  version "1.4.0"
  resolved "https://registry.yarnpkg.com/bindings/-/bindings-1.4.0.tgz#909efa49f2ebe07ecd3cb136778f665052040127"
  integrity sha512-7znEVX22Djn+nYjxCWKDne0RRloa9XfYa84yk3s+HkE3LpDYZmhArYr9O9huBoHY3/oXispx5LorIX7Sl2CgSQ==
  dependencies:
    file-uri-to-path "1.0.0"

bip32@^1.0.2:
  version "1.0.2"
  resolved "https://registry.yarnpkg.com/bip32/-/bip32-1.0.2.tgz#982e2ad2cae6fc6a2f53dda3e6c3be9364674b28"
  integrity sha512-kedLYj8yvYzND+EfzeoMSlGiN7ImiRBF/MClJSZPkMfcU+OQO7ZpL5L/Yg+TunebBZIHhunstiQF//KLKSF5rg==
  dependencies:
    bs58check "^2.1.1"
    create-hash "^1.2.0"
    create-hmac "^1.1.7"
    tiny-secp256k1 "^1.0.0"
    typeforce "^1.11.5"
    wif "^2.0.6"

bip38@^2.0.2:
  version "2.0.2"
  resolved "https://registry.yarnpkg.com/bip38/-/bip38-2.0.2.tgz#6f7762bc90b0bdf63b489ff95349354aecf9baee"
  integrity sha512-22KDak0RDyghFbR0Si7wyq9IgY423YzGYzWLpGeofH3DaolOQqjD3mNN08eFoubKlbyclOQKFwtONMv2SD9V3A==
  dependencies:
    bigi "^1.2.0"
    browserify-aes "^1.0.1"
    bs58check "<3.0.0"
    buffer-xor "^1.0.2"
    create-hash "^1.1.1"
    ecurve "^1.0.0"
    scryptsy "^2.0.0"

bip39@^2.5.0:
  version "2.5.0"
  resolved "https://registry.yarnpkg.com/bip39/-/bip39-2.5.0.tgz#51cbd5179460504a63ea3c000db3f787ca051235"
  integrity sha512-xwIx/8JKoT2+IPJpFEfXoWdYwP7UVAoUxxLNfGCfVowaJE7yg1Y5B1BVPqlUNsBq5/nGwmFkwRJ8xDW4sX8OdA==
  dependencies:
    create-hash "^1.1.0"
    pbkdf2 "^3.0.9"
    randombytes "^2.0.1"
    safe-buffer "^5.0.1"
    unorm "^1.3.3"

bip66@^1.1.3:
  version "1.1.5"
  resolved "https://registry.yarnpkg.com/bip66/-/bip66-1.1.5.tgz#01fa8748785ca70955d5011217d1b3139969ca22"
  integrity sha1-AfqHSHhcpwlV1QESF9GzE5lpyiI=
  dependencies:
    safe-buffer "^5.0.1"

bn.js@^4.11.3, bn.js@^4.11.8, bn.js@^4.4.0:
  version "4.11.8"
  resolved "https://registry.yarnpkg.com/bn.js/-/bn.js-4.11.8.tgz#2cde09eb5ee341f484746bb0309b3253b1b1442f"
  integrity sha512-ItfYfPLkWHUjckQCk8xC+LwxgK8NYcXywGigJgSwOP8Y2iyWT4f2vsZnoOXTTbo+o5yXmIUJ4gn5538SO5S3gA==

brorand@^1.0.1:
  version "1.1.0"
  resolved "https://registry.yarnpkg.com/brorand/-/brorand-1.1.0.tgz#12c25efe40a45e3c323eb8675a0a0ce57b22371f"
  integrity sha1-EsJe/kCkXjwyPrhnWgoM5XsiNx8=

browserify-aes@^1.0.1, browserify-aes@^1.0.6:
  version "1.2.0"
  resolved "https://registry.yarnpkg.com/browserify-aes/-/browserify-aes-1.2.0.tgz#326734642f403dabc3003209853bb70ad428ef48"
  integrity sha512-+7CHXqGuspUn/Sl5aO7Ea0xWGAtETPXNSAjHo48JfLdPWcMng33Xe4znFvQweqc/uzk5zSOI3H52CYnjCfb5hA==
  dependencies:
    buffer-xor "^1.0.3"
    cipher-base "^1.0.0"
    create-hash "^1.1.0"
    evp_bytestokey "^1.0.3"
    inherits "^2.0.1"
    safe-buffer "^5.0.1"

bs58@^4.0.0:
  version "4.0.1"
  resolved "https://registry.yarnpkg.com/bs58/-/bs58-4.0.1.tgz#be161e76c354f6f788ae4071f63f34e8c4f0a42a"
  integrity sha1-vhYedsNU9veIrkBx9j806MTwpCo=
  dependencies:
    base-x "^3.0.2"

bs58check@<3.0.0, bs58check@^2.1.1, bs58check@^2.1.2:
  version "2.1.2"
  resolved "https://registry.yarnpkg.com/bs58check/-/bs58check-2.1.2.tgz#53b018291228d82a5aa08e7d796fdafda54aebfc"
  integrity sha512-0TS1jicxdU09dwJMNZtVAfzPi6Q6QeN0pM1Fkzrjn+XYHvzMKPU3pHVpva+769iNVSfIYWf7LJ6WR+BuuMf8cA==
  dependencies:
    bs58 "^4.0.0"
    create-hash "^1.1.0"
    safe-buffer "^5.1.2"

buffer-xor@^1.0.2, buffer-xor@^1.0.3:
  version "1.0.3"
  resolved "https://registry.yarnpkg.com/buffer-xor/-/buffer-xor-1.0.3.tgz#26e61ed1422fb70dd42e6e36729ed51d855fe8d9"
  integrity sha1-JuYe0UIvtw3ULm42cp7VHYVf6Nk=

bytebuffer@^5.0.1:
  version "5.0.1"
  resolved "https://registry.yarnpkg.com/bytebuffer/-/bytebuffer-5.0.1.tgz#582eea4b1a873b6d020a48d58df85f0bba6cfddd"
  integrity sha1-WC7qSxqHO20CCkjVjfhfC7ps/d0=
  dependencies:
    long "~3"

camelcase@5.0.0:
  version "5.0.0"
  resolved "https://registry.yarnpkg.com/camelcase/-/camelcase-5.0.0.tgz#03295527d58bd3cd4aa75363f35b2e8d97be2f42"
  integrity sha512-faqwZqnWxbxn+F1d399ygeamQNy3lPp/H9H6rNrqYh4FSVCtcY+3cub1MxA8o9mDd55mM8Aghuu/kuyYA6VTsA==

chalk@2.4.1:
  version "2.4.1"
  resolved "https://registry.yarnpkg.com/chalk/-/chalk-2.4.1.tgz#18c49ab16a037b6eb0152cc83e3471338215b66e"
  integrity sha512-ObN6h1v2fTJSmUXoS3nMQ92LbDK9be4TV+6G+omQlGJFdcUX5heKi1LZ1YnRMIgwTLEj3E24bT6tYni50rlCfQ==
  dependencies:
    ansi-styles "^3.2.1"
    escape-string-regexp "^1.0.5"
    supports-color "^5.3.0"

chalk@^2.3.2:
  version "2.4.2"
  resolved "https://registry.yarnpkg.com/chalk/-/chalk-2.4.2.tgz#cd42541677a54333cf541a49108c1432b44c9424"
  integrity sha512-Mti+f9lpJNcwF4tWV8/OrTTtF1gZi+f8FqlyAdouralcFWFQWF2+NgCHShjkCb+IFBLq9buZwE1xckQU4peSuQ==
  dependencies:
    ansi-styles "^3.2.1"
    escape-string-regexp "^1.0.5"
    supports-color "^5.3.0"

cipher-base@^1.0.0, cipher-base@^1.0.1, cipher-base@^1.0.3:
  version "1.0.4"
  resolved "https://registry.yarnpkg.com/cipher-base/-/cipher-base-1.0.4.tgz#8760e4ecc272f4c363532f926d874aae2c1397de"
  integrity sha512-Kkht5ye6ZGmwv40uUDZztayT2ThLQGfnj/T71N/XzeZeo3nf8foyW7zGTsPYkEya3m5f3cAypH+qe7YOrM1U2Q==
  dependencies:
    inherits "^2.0.1"
    safe-buffer "^5.0.1"

color-convert@^1.9.0:
  version "1.9.3"
  resolved "https://registry.yarnpkg.com/color-convert/-/color-convert-1.9.3.tgz#bb71850690e1f136567de629d2d5471deda4c1e8"
  integrity sha512-QfAUtd+vFdAtFQcC8CCyYt1fYWxSqAiK2cSD6zDB8N3cpsEBAvRxp9zOGg6G/SHHJYAT88/az/IuDGALsNVbGg==
  dependencies:
    color-name "1.1.3"

color-name@1.1.3:
  version "1.1.3"
  resolved "https://registry.yarnpkg.com/color-name/-/color-name-1.1.3.tgz#a7d0558bd89c42f795dd42328f740831ca53bc25"
  integrity sha1-p9BVi9icQveV3UIyj3QIMcpTvCU=

commander@2.19.0, commander@^2.19.0:
  version "2.19.0"
  resolved "https://registry.yarnpkg.com/commander/-/commander-2.19.0.tgz#f6198aa84e5b83c46054b94ddedbfed5ee9ff12a"
  integrity sha512-6tvAOO+D6OENvRAh524Dh9jcfKTYDQAqvqezbCW82xj5X0pSrcpxtvRKHLG0yBY6SD7PSDrJaj+0AiOcKVd1Xg==

create-hash@^1.1.0, create-hash@^1.1.1, create-hash@^1.1.2, create-hash@^1.2.0:
  version "1.2.0"
  resolved "https://registry.yarnpkg.com/create-hash/-/create-hash-1.2.0.tgz#889078af11a63756bcfb59bd221996be3a9ef196"
  integrity sha512-z00bCGNHDG8mHAkP7CtT1qVu+bFQUPjYq/4Iv3C3kWjTFV10zIjfSoeqXo9Asws8gwSHDGj/hl2u4OGIjapeCg==
  dependencies:
    cipher-base "^1.0.1"
    inherits "^2.0.1"
    md5.js "^1.3.4"
    ripemd160 "^2.0.1"
    sha.js "^2.4.0"

create-hmac@^1.1.4, create-hmac@^1.1.7:
  version "1.1.7"
  resolved "https://registry.yarnpkg.com/create-hmac/-/create-hmac-1.1.7.tgz#69170c78b3ab957147b2b8b04572e47ead2243ff"
  integrity sha512-MJG9liiZ+ogc4TzUwuvbER1JRdgvUFSB5+VR/g5h82fGaIRWMWddtKBHi7/sVhfjQZ6SehlyhvQYrcYkaUIpLg==
  dependencies:
    cipher-base "^1.0.3"
    create-hash "^1.1.0"
    inherits "^2.0.1"
    ripemd160 "^2.0.0"
    safe-buffer "^5.0.1"
    sha.js "^2.4.8"

dateformat@^3.0.3:
  version "3.0.3"
  resolved "https://registry.yarnpkg.com/dateformat/-/dateformat-3.0.3.tgz#a6e37499a4d9a9cf85ef5872044d62901c9889ae"
  integrity sha512-jyCETtSl3VMZMWeRo7iY1FL19ges1t55hMo5yaam4Jrsm5EPL89UQkoQRyiI+Yf4k8r2ZpdngkV8hr1lIdjb3Q==

dayjs-ext@^2.2.0:
  version "2.2.0"
  resolved "https://registry.yarnpkg.com/dayjs-ext/-/dayjs-ext-2.2.0.tgz#2d1ed1e2a8dccc260122d4685e8422062edc5dbb"
  integrity sha512-n7u711rSmAOPcx1xqj2WUSU/1PbWEst1VC/FeIQsC/ULQLNVlAUwYwRc8D1CdTWqZgliw/SVcox+xNyQl9Q4IA==
  dependencies:
    fast-plural-rules "^0.0.1"
    timezone-support "^1.8.0"

deepmerge@^3.0.0:
  version "3.2.0"
  resolved "https://registry.yarnpkg.com/deepmerge/-/deepmerge-3.2.0.tgz#58ef463a57c08d376547f8869fdc5bcee957f44e"
  integrity sha512-6+LuZGU7QCNUnAJyX8cIrlzoEgggTM6B7mm+znKOX4t5ltluT9KLjN6g61ECMS0LTsLW7yDpNoxhix5FZcrIow==

drbg.js@^1.0.1:
  version "1.0.1"
  resolved "https://registry.yarnpkg.com/drbg.js/-/drbg.js-1.0.1.tgz#3e36b6c42b37043823cdbc332d58f31e2445480b"
  integrity sha1-Pja2xCs3BDgjzbwzLVjzHiRFSAs=
  dependencies:
    browserify-aes "^1.0.6"
    create-hash "^1.1.2"
    create-hmac "^1.1.4"

eachr@^3.1.0:
  version "3.2.0"
  resolved "https://registry.yarnpkg.com/eachr/-/eachr-3.2.0.tgz#2c35e43ea086516f7997cf80b7aa64d55a4a4484"
  integrity sha1-LDXkPqCGUW95l8+At6pk1VpKRIQ=
  dependencies:
    editions "^1.1.1"
    typechecker "^4.3.0"

ecurve@^1.0.0:
  version "1.0.6"
  resolved "https://registry.yarnpkg.com/ecurve/-/ecurve-1.0.6.tgz#dfdabbb7149f8d8b78816be5a7d5b83fcf6de797"
  integrity sha512-/BzEjNfiSuB7jIWKcS/z8FK9jNjmEWvUV2YZ4RLSmcDtP7Lq0m6FvDuSnJpBlDpGRpfRQeTLGLBI8H+kEv0r+w==
  dependencies:
    bigi "^1.1.0"
    safe-buffer "^5.0.1"

editions@^1.1.1, editions@^1.3.3:
  version "1.3.4"
  resolved "https://registry.yarnpkg.com/editions/-/editions-1.3.4.tgz#3662cb592347c3168eb8e498a0ff73271d67f50b"
  integrity sha512-gzao+mxnYDzIysXKMQi/+M1mjy/rjestjg6OPoYTtI+3Izp23oiGZitsl9lPDPiTGXbcSIk1iJWhliSaglxnUg==

editions@^2.1.0, editions@^2.1.2:
  version "2.1.3"
  resolved "https://registry.yarnpkg.com/editions/-/editions-2.1.3.tgz#727ccf3ec2c7b12dcc652c71000f16c4824d6f7d"
  integrity sha512-xDZyVm0A4nLgMNWVVLJvcwMjI80ShiH/27RyLiCnW1L273TcJIA25C4pwJ33AWV01OX6UriP35Xu+lH4S7HWQw==
  dependencies:
    errlop "^1.1.1"
    semver "^5.6.0"

elliptic@^6.2.3, elliptic@^6.4.0:
  version "6.4.1"
  resolved "https://registry.yarnpkg.com/elliptic/-/elliptic-6.4.1.tgz#c2d0b7776911b86722c632c3c06c60f2f819939a"
  integrity sha512-BsXLz5sqX8OHcsh7CqBMztyXARmGQ3LWPtGjJi6DiJHq5C/qvi9P3OqgswKSDftbu8+IoI/QDTAm2fFnQ9SZSQ==
  dependencies:
    bn.js "^4.4.0"
    brorand "^1.0.1"
    hash.js "^1.0.0"
    hmac-drbg "^1.0.0"
    inherits "^2.0.1"
    minimalistic-assert "^1.0.0"
    minimalistic-crypto-utils "^1.0.0"

end-of-stream@^1.1.0:
  version "1.4.1"
  resolved "https://registry.yarnpkg.com/end-of-stream/-/end-of-stream-1.4.1.tgz#ed29634d19baba463b6ce6b80a37213eab71ec43"
  integrity sha512-1MkrZNvWTKCaigbn+W15elq2BB/L22nqrSY5DKlo3X6+vclJm8Bb5djXJBmEX6fS3+zCh/F4VBK5Z2KxJt4s2Q==
  dependencies:
    once "^1.4.0"

envfile@^2.3.0:
  version "2.3.0"
  resolved "https://registry.yarnpkg.com/envfile/-/envfile-2.3.0.tgz#0ced8f8846e45e2868623c54ecfe3d1914b1e3f4"
  integrity sha512-xcwno0xGhSVhgBfFx9SxwYd6FNfTdq8SMFjrQ4FYsxYUNQMPJTXn7dERrX439F1V4Ukk9x/nL/5GcNZaIVUT7g==
  dependencies:
    ambi "^2.4.0"
    eachr "^3.1.0"
    editions "^1.3.3"
    typechecker "^4.0.1"

errlop@^1.1.1:
  version "1.1.1"
  resolved "https://registry.yarnpkg.com/errlop/-/errlop-1.1.1.tgz#d9ae4c76c3e64956c5d79e6e035d6343bfd62250"
  integrity sha512-WX7QjiPHhsny7/PQvrhS5VMizXXKoKCS3udaBp8gjlARdbn+XmK300eKBAAN0hGyRaTCtRpOaxK+xFVPUJ3zkw==
  dependencies:
    editions "^2.1.2"

escape-string-regexp@^1.0.5:
  version "1.0.5"
  resolved "https://registry.yarnpkg.com/escape-string-regexp/-/escape-string-regexp-1.0.5.tgz#1b61c0562190a8dff6ae3bb2cf0200ca130b86d4"
  integrity sha1-G2HAViGQqN/2rjuyzwIAyhMLhtQ=

evp_bytestokey@^1.0.3:
  version "1.0.3"
  resolved "https://registry.yarnpkg.com/evp_bytestokey/-/evp_bytestokey-1.0.3.tgz#7fcbdb198dc71959432efe13842684e0525acb02"
  integrity sha512-/f2Go4TognH/KvCISP7OUsHn85hT9nUkxxA9BEWxFn+Oj9o8ZNLm/40hdlgSLyuOimsrTKLUMEorQexp/aPQeA==
  dependencies:
    md5.js "^1.3.4"
    safe-buffer "^5.1.1"

expand-home-dir@0.0.3:
  version "0.0.3"
  resolved "https://registry.yarnpkg.com/expand-home-dir/-/expand-home-dir-0.0.3.tgz#72de8a0486cc28a3bbd704635398825b5b62827d"
  integrity sha1-ct6KBIbMKKO71wRjU5iCW1tign0=

fast-json-parse@^1.0.3:
  version "1.0.3"
  resolved "https://registry.yarnpkg.com/fast-json-parse/-/fast-json-parse-1.0.3.tgz#43e5c61ee4efa9265633046b770fb682a7577c4d"
  integrity sha512-FRWsaZRWEJ1ESVNbDWmsAlqDk96gPQezzLghafp5J4GUKjbCz3OkAHuZs5TuPEtkbVQERysLp9xv6c24fBm8Aw==

fast-plural-rules@^0.0.1:
  version "0.0.1"
  resolved "https://registry.yarnpkg.com/fast-plural-rules/-/fast-plural-rules-0.0.1.tgz#7032c8afa979e6dc65a452f0ef5b4ef31eca763b"
  integrity sha512-0Cxx7LaH7+dNJEBozlisCxqaN5g68VTFT9PyLeFGBHmkPnQ3e46zss+r8pRC94KpzPlitL6m33GVdbMIDiUgqg==

fast-redact@^1.4.2:
  version "1.4.4"
  resolved "https://registry.yarnpkg.com/fast-redact/-/fast-redact-1.4.4.tgz#d29bd1d0cc3ab808a9d4f9870f6e27e85c750db4"
  integrity sha512-QOQZ8sDDQPZMJ6x6zlm6hLZ2cjPDqfN3R/AYnAbM+yy8VNPvOnVXdUF/E/xbMv7g44c1krhWuzgjH2u0V5Vhsg==

fast-safe-stringify@^2.0.6:
  version "2.0.6"
  resolved "https://registry.yarnpkg.com/fast-safe-stringify/-/fast-safe-stringify-2.0.6.tgz#04b26106cc56681f51a044cfc0d76cf0008ac2c2"
  integrity sha512-q8BZ89jjc+mz08rSxROs8VsrBBcn1SIw1kq9NjolL509tkABRk9io01RAjSaEv1Xb2uFLt8VtRiZbGp5H8iDtg==

file-uri-to-path@1.0.0:
  version "1.0.0"
  resolved "https://registry.yarnpkg.com/file-uri-to-path/-/file-uri-to-path-1.0.0.tgz#553a7b8446ff6f684359c445f1e37a05dacc33dd"
  integrity sha512-0Zt+s3L7Vf1biwWZ29aARiVYLx7iMGnEUl9x33fbB/j3jR81u/O2LbqK+Bm1CDSNDKVtJ/YjwY7TUd5SkeLQLw==

flatstr@^1.0.9:
  version "1.0.9"
  resolved "https://registry.yarnpkg.com/flatstr/-/flatstr-1.0.9.tgz#0950d56fec02de1030c1311847ecd58c25690eb9"
  integrity sha512-qFlJnOBWDfIaunF54/lBqNKmXOI0HqNhu+mHkLmbaBXlS71PUd9OjFOdyevHt/aHoHB1+eW7eKHgRKOG5aHSpw==

fs-extra@^7.0.1:
  version "7.0.1"
  resolved "https://registry.yarnpkg.com/fs-extra/-/fs-extra-7.0.1.tgz#4f189c44aa123b895f722804f55ea23eadc348e9"
  integrity sha512-YJDaCJZEnBmcbw13fvdAM9AwNOJwOzrE4pqMqBq5nFiEqXUqHwlK4B+3pUw6JNvfSPtX05xFHtYy/1ni01eGCw==
  dependencies:
    graceful-fs "^4.1.2"
    jsonfile "^4.0.0"
    universalify "^0.1.0"

globalyzer@^0.1.0:
  version "0.1.4"
  resolved "https://registry.yarnpkg.com/globalyzer/-/globalyzer-0.1.4.tgz#bc8e273afe1ac7c24eea8def5b802340c5cc534f"
  integrity sha512-LeguVWaxgHN0MNbWC6YljNMzHkrCny9fzjmEUdnF1kQ7wATFD1RHFRqA1qxaX2tgxGENlcxjOflopBwj3YZiXA==

globrex@^0.1.1:
  version "0.1.2"
  resolved "https://registry.yarnpkg.com/globrex/-/globrex-0.1.2.tgz#dd5d9ec826232730cd6793a5e33a9302985e6098"
  integrity sha512-uHJgbwAMwNFf5mLst7IWLNg14x1CkeqglJb/K3doi4dw6q2IvAAmM/Y81kevy83wP+Sst+nutFTYOGg3d1lsxg==

graceful-fs@^4.1.2, graceful-fs@^4.1.6:
  version "4.1.15"
  resolved "https://registry.yarnpkg.com/graceful-fs/-/graceful-fs-4.1.15.tgz#ffb703e1066e8a0eeaa4c8b80ba9253eeefbfb00"
  integrity sha512-6uHUhOPEBgQ24HM+r6b/QwWfZq+yiFcipKFrOFiBEnWdy5sdzYoi+pJeQaPI5qOLRFqWmAXUPQNsielzdLoecA==

has-flag@^3.0.0:
  version "3.0.0"
  resolved "https://registry.yarnpkg.com/has-flag/-/has-flag-3.0.0.tgz#b5d454dc2199ae225699f3467e5a07f3b955bafd"
  integrity sha1-tdRU3CGZriJWmfNGfloH87lVuv0=

hash-base@^3.0.0:
  version "3.0.4"
  resolved "https://registry.yarnpkg.com/hash-base/-/hash-base-3.0.4.tgz#5fc8686847ecd73499403319a6b0a3f3f6ae4918"
  integrity sha1-X8hoaEfs1zSZQDMZprCj8/auSRg=
  dependencies:
    inherits "^2.0.1"
    safe-buffer "^5.0.1"

hash.js@^1.0.0, hash.js@^1.0.3:
  version "1.1.7"
  resolved "https://registry.yarnpkg.com/hash.js/-/hash.js-1.1.7.tgz#0babca538e8d4ee4a0f8988d68866537a003cf42"
  integrity sha512-taOaskGt4z4SOANNseOviYDvjEJinIkRgmp7LbKP2YTTmVxWBl87s/uzK9r+44BclBSp2X7K1hqeNfz9JbBeXA==
  dependencies:
    inherits "^2.0.3"
    minimalistic-assert "^1.0.1"

hmac-drbg@^1.0.0:
  version "1.0.1"
  resolved "https://registry.yarnpkg.com/hmac-drbg/-/hmac-drbg-1.0.1.tgz#d2745701025a6c775a6c545793ed502fc0c649a1"
  integrity sha1-0nRXAQJabHdabFRXk+1QL8DGSaE=
  dependencies:
    hash.js "^1.0.3"
    minimalistic-assert "^1.0.0"
    minimalistic-crypto-utils "^1.0.1"

hoek@6.x.x:
  version "6.1.2"
  resolved "https://registry.yarnpkg.com/hoek/-/hoek-6.1.2.tgz#99e6d070561839de74ee427b61aa476bd6bddfd6"
  integrity sha512-6qhh/wahGYZHFSFw12tBbJw5fsAhhwrrG/y3Cs0YMTv2WzMnL0oLPnQJjv1QJvEfylRSOFuP+xCu+tdx0tD16Q==

inherits@^2.0.1, inherits@^2.0.3:
  version "2.0.3"
  resolved "https://registry.yarnpkg.com/inherits/-/inherits-2.0.3.tgz#633c2c83e3da42a502f52466022480f4208261de"
  integrity sha1-Yzwsg+PaQqUC9SRmAiSA9CCCYd4=

isemail@3.x.x:
  version "3.2.0"
  resolved "https://registry.yarnpkg.com/isemail/-/isemail-3.2.0.tgz#59310a021931a9fb06bbb51e155ce0b3f236832c"
  integrity sha512-zKqkK+O+dGqevc93KNsbZ/TqTUFd46MwWjYOoMrjIMZ51eU7DtQG3Wmd9SQQT7i7RVnuTPEiYEWHU3MSbxC1Tg==
  dependencies:
    punycode "2.x.x"

jmespath@^0.15.0:
  version "0.15.0"
  resolved "https://registry.yarnpkg.com/jmespath/-/jmespath-0.15.0.tgz#a3f222a9aae9f966f5d27c796510e28091764217"
  integrity sha1-o/Iiqarp+Wb10nx5ZRDigJF2Qhc=

joi@^14.3.0:
  version "14.3.1"
  resolved "https://registry.yarnpkg.com/joi/-/joi-14.3.1.tgz#164a262ec0b855466e0c35eea2a885ae8b6c703c"
  integrity sha512-LQDdM+pkOrpAn4Lp+neNIFV3axv1Vna3j38bisbQhETPMANYRbFJFUyOZcOClYvM/hppMhGWuKSFEK9vjrB+bQ==
  dependencies:
    hoek "6.x.x"
    isemail "3.x.x"
    topo "3.x.x"

jsonfile@^4.0.0:
  version "4.0.0"
  resolved "https://registry.yarnpkg.com/jsonfile/-/jsonfile-4.0.0.tgz#8771aae0799b64076b76640fca058f9c10e33ecb"
  integrity sha1-h3Gq4HmbZAdrdmQPygWPnBDjPss=
  optionalDependencies:
    graceful-fs "^4.1.6"

leven@2.1.0:
  version "2.1.0"
  resolved "https://registry.yarnpkg.com/leven/-/leven-2.1.0.tgz#c2e7a9f772094dee9d34202ae8acce4687875580"
  integrity sha1-wuep93IJTe6dNCAq6KzORoeHVYA=

lodash.camelcase@^4.3.0:
  version "4.3.0"
  resolved "https://registry.yarnpkg.com/lodash.camelcase/-/lodash.camelcase-4.3.0.tgz#b28aa6288a2b9fc651035c7711f65ab6190331a6"
  integrity sha1-soqmKIorn8ZRA1x3EfZathkDMaY=

lodash.clonedeepwith@^4.5.0:
  version "4.5.0"
  resolved "https://registry.yarnpkg.com/lodash.clonedeepwith/-/lodash.clonedeepwith-4.5.0.tgz#6ee30573a03a1a60d670a62ef33c10cf1afdbdd4"
  integrity sha1-buMFc6A6GmDWcKYu8zwQzxr9vdQ=

lodash.get@^4.4.2:
  version "4.4.2"
  resolved "https://registry.yarnpkg.com/lodash.get/-/lodash.get-4.4.2.tgz#2d177f652fa31e939b4438d5341499dfa3825e99"
  integrity sha1-LRd/ZS+jHpObRDjVNBSZ36OCXpk=

lodash.set@^4.3.2:
  version "4.3.2"
  resolved "https://registry.yarnpkg.com/lodash.set/-/lodash.set-4.3.2.tgz#d8757b1da807dde24816b0d6a84bea1a76230b23"
  integrity sha1-2HV7HagH3eJIFrDWqEvqGnYjCyM=

lodash@^4.17.5:
  version "4.17.14"
  resolved "https://registry.yarnpkg.com/lodash/-/lodash-4.17.14.tgz#9ce487ae66c96254fe20b599f21b6816028078ba"
  integrity sha512-mmKYbW3GLuJeX+iGP+Y7Gp1AiGHGbXHCOh/jZmrawMmsE7MS4znI3RL2FsjbqOyMayHInjOeykW7PEajUk1/xw==

long@~3:
  version "3.2.0"
  resolved "https://registry.yarnpkg.com/long/-/long-3.2.0.tgz#d821b7138ca1cb581c172990ef14db200b5c474b"
  integrity sha1-2CG3E4yhy1gcFymQ7xTbIAtcR0s=

md5.js@^1.3.4:
  version "1.3.5"
  resolved "https://registry.yarnpkg.com/md5.js/-/md5.js-1.3.5.tgz#b5d07b8e3216e3e27cd728d72f70d1e6a342005f"
  integrity sha512-xitP+WxNPcTTOgnTJcrhM0xvdPepipPSf3I8EIpGKeFLjt3PlJLIDG3u8EX53ZIubkb+5U2+3rELYpEhHhzdkg==
  dependencies:
    hash-base "^3.0.0"
    inherits "^2.0.1"
    safe-buffer "^5.1.2"

minimalistic-assert@^1.0.0, minimalistic-assert@^1.0.1:
  version "1.0.1"
  resolved "https://registry.yarnpkg.com/minimalistic-assert/-/minimalistic-assert-1.0.1.tgz#2e194de044626d4a10e7f7fbc00ce73e83e4d5c7"
  integrity sha512-UtJcAD4yEaGtjPezWuO9wC4nwUnVH/8/Im3yEHQP4b67cXlD/Qr9hdITCU1xDbSEXg2XKNaP8jsReV7vQd00/A==

minimalistic-crypto-utils@^1.0.0, minimalistic-crypto-utils@^1.0.1:
  version "1.0.1"
  resolved "https://registry.yarnpkg.com/minimalistic-crypto-utils/-/minimalistic-crypto-utils-1.0.1.tgz#f6c00c1c0b082246e5c4d99dfb8c7c083b2b582a"
  integrity sha1-9sAMHAsIIkblxNmd+4x8CDsrWCo=

mri@1.1.1:
  version "1.1.1"
  resolved "https://registry.yarnpkg.com/mri/-/mri-1.1.1.tgz#85aa26d3daeeeedf80dc5984af95cc5ca5cad9f1"
  integrity sha1-haom09ru7t+A3FmEr5XMXKXK2fE=

nan@^2.10.0, nan@^2.2.1:
  version "2.12.1"
  resolved "https://registry.yarnpkg.com/nan/-/nan-2.12.1.tgz#7b1aa193e9aa86057e3c7bbd0ac448e770925552"
  integrity sha512-JY7V6lRkStKcKTvHO5NVSQRv+RV+FIL5pvDoLiAtSL9pKlC5x9PKQcZDsq7m4FO4d57mkhC6Z+QhAh3Jdk5JFw==

node-forge@^0.7.6:
  version "0.7.6"
  resolved "https://registry.yarnpkg.com/node-forge/-/node-forge-0.7.6.tgz#fdf3b418aee1f94f0ef642cd63486c77ca9724ac"
  integrity sha512-sol30LUpz1jQFBjOKwbjxijiE3b6pjd74YwfD0fJOKPjF+fONKb2Yg8rYgS6+bK6VDl+/wfr4IYpC7jDzLUIfw==

once@^1.3.1, once@^1.4.0:
  version "1.4.0"
  resolved "https://registry.yarnpkg.com/once/-/once-1.4.0.tgz#583b1aa775961d4b113ac17d9c50baef9dd76bd1"
  integrity sha1-WDsap3WWHUsROsF9nFC6753Xa9E=
  dependencies:
    wrappy "1"

otplib@^10.0.1:
  version "10.0.1"
  resolved "https://registry.yarnpkg.com/otplib/-/otplib-10.0.1.tgz#d37fcd13203298c0b94937d55c5a3527ed877875"
  integrity sha512-FtbKelYtio2af5LDBWz3bWS6T03taHJAIv3evMrXuvoM50z5jbWoEMabPCk0A0JqiLGBzAIDJWfR9gSsvRYZHA==
  dependencies:
    thirty-two "1.0.2"

pbkdf2@^3.0.9:
  version "3.0.17"
  resolved "https://registry.yarnpkg.com/pbkdf2/-/pbkdf2-3.0.17.tgz#976c206530617b14ebb32114239f7b09336e93a6"
  integrity sha512-U/il5MsrZp7mGg3mSQfn742na2T+1/vHDCG5/iTI3X9MKUuYUZVLQhyRsg06mCgDBTd57TxzgZt7P+fYfjRLtA==
  dependencies:
    create-hash "^1.1.2"
    create-hmac "^1.1.4"
    ripemd160 "^2.0.1"
    safe-buffer "^5.0.1"
    sha.js "^2.4.8"

pino-pretty@^2.3.0:
  version "2.5.0"
  resolved "https://registry.yarnpkg.com/pino-pretty/-/pino-pretty-2.5.0.tgz#fade5b6d2acbdbf2c7e77adf220e7b7d89d04437"
  integrity sha512-odR4SKdyubhe4aFts0/mBau2/mJLG23Ghyo86a+GZ2/Cev3CRr5nYv2+82V7v1hQL93yRSO004ASrrF7278TNQ==
  dependencies:
    args "^5.0.0"
    chalk "^2.3.2"
    dateformat "^3.0.3"
    fast-json-parse "^1.0.3"
    fast-safe-stringify "^2.0.6"
    jmespath "^0.15.0"
    pump "^3.0.0"
    readable-stream "^3.0.6"
    split2 "^3.0.0"

pino-std-serializers@^2.3.0:
  version "2.3.0"
  resolved "https://registry.yarnpkg.com/pino-std-serializers/-/pino-std-serializers-2.3.0.tgz#34eeaab97c055c28e22c0542ae55978e7e427786"
  integrity sha512-klfGoOsP6sJH7ON796G4xoUSx2fkpFgKHO4YVVO2zmz31jR+etzc/QzGJILaOIiCD6HTCFgkPx+XN8nk+ruqPw==

pino@^5.9.0:
  version "5.11.1"
  resolved "https://registry.yarnpkg.com/pino/-/pino-5.11.1.tgz#2d6d8edb7ebc7c354be03bfa04fd436352e1d67b"
  integrity sha512-NIua0mGb9Adknq35ONvQmvh93LCUVUjp2+1q1EcvIkJmpJnSd3E5rHVKlKNjzMXFl/z3fI+QA0xXCjPEKNiLvQ==
  dependencies:
    fast-redact "^1.4.2"
    fast-safe-stringify "^2.0.6"
    flatstr "^1.0.9"
    pino-std-serializers "^2.3.0"
    quick-format-unescaped "^3.0.0"
    sonic-boom "^0.7.1"

pluralize@^7.0.0:
  version "7.0.0"
  resolved "https://registry.yarnpkg.com/pluralize/-/pluralize-7.0.0.tgz#298b89df8b93b0221dbf421ad2b1b1ea23fc6777"
  integrity sha512-ARhBOdzS3e41FbkW/XWrTEtukqqLoK5+Z/4UeDaLuSW+39JPeFgs4gCGqsrJHVZX0fUrx//4OF0K1CUGwlIFow==

pump@^3.0.0:
  version "3.0.0"
  resolved "https://registry.yarnpkg.com/pump/-/pump-3.0.0.tgz#b4a2116815bde2f4e1ea602354e8c75565107a64"
  integrity sha512-LwZy+p3SFs1Pytd/jYct4wpv49HiYCqd9Rlc5ZVdk0V+8Yzv6jR5Blk3TRmPL1ft69TxP0IMZGJ+WPFU2BFhww==
  dependencies:
    end-of-stream "^1.1.0"
    once "^1.3.1"

punycode@2.x.x:
  version "2.1.1"
  resolved "https://registry.yarnpkg.com/punycode/-/punycode-2.1.1.tgz#b58b010ac40c22c5657616c8d2c2c02c7bf479ec"
  integrity sha512-XRsRjdf+j5ml+y/6GKHPZbrF/8p2Yga0JPtdqTIY2Xe5ohJPD9saDJJLPvp9+NSBprVvevdXZybnj2cv8OEd0A==

quick-format-unescaped@^3.0.0:
  version "3.0.2"
  resolved "https://registry.yarnpkg.com/quick-format-unescaped/-/quick-format-unescaped-3.0.2.tgz#0137e94d8fb37ffeb70040535111c378e75396fb"
  integrity sha512-FXTaCkwvpIlkdKeGDNgcq07SXWS383noQUuZjvdE1QcTt+eLuqof6/BDiEPqB59FWLie/l91+HtlJSw7iCViSA==

randombytes@^2.0.1:
  version "2.1.0"
  resolved "https://registry.yarnpkg.com/randombytes/-/randombytes-2.1.0.tgz#df6f84372f0270dc65cdf6291349ab7a473d4f2a"
  integrity sha512-vYl3iOX+4CKUWuxGi9Ukhie6fsqXqS9FE2Zaic4tNFD2N2QQaXOMFbuKK4QmDHC0JO6B1Zp41J0LpT0oR68amQ==
  dependencies:
    safe-buffer "^5.1.0"

readable-stream@^3.0.0, readable-stream@^3.0.6:
  version "3.1.1"
  resolved "https://registry.yarnpkg.com/readable-stream/-/readable-stream-3.1.1.tgz#ed6bbc6c5ba58b090039ff18ce670515795aeb06"
  integrity sha512-DkN66hPyqDhnIQ6Jcsvx9bFjhw214O4poMBcIMgPVpQvNy9a0e0Uhg5SqySyDKAmUlwt8LonTBz1ezOnM8pUdA==
  dependencies:
    inherits "^2.0.3"
    string_decoder "^1.1.1"
    util-deprecate "^1.0.1"

ripemd160@^2.0.0, ripemd160@^2.0.1:
  version "2.0.2"
  resolved "https://registry.yarnpkg.com/ripemd160/-/ripemd160-2.0.2.tgz#a1c1a6f624751577ba5d07914cbc92850585890c"
  integrity sha512-ii4iagi25WusVoiC4B4lq7pbXfAp3D9v5CwfkY33vffw2+pkDjY1D8GaN7spsxvCSx8dkPqOZCEZyfxcmJG2IA==
  dependencies:
    hash-base "^3.0.0"
    inherits "^2.0.1"

safe-buffer@^5.0.1, safe-buffer@^5.1.0, safe-buffer@^5.1.1, safe-buffer@^5.1.2, safe-buffer@~5.1.0:
  version "5.1.2"
  resolved "https://registry.yarnpkg.com/safe-buffer/-/safe-buffer-5.1.2.tgz#991ec69d296e0313747d59bdfd2b745c35f8828d"
  integrity sha512-Gd2UZBJDkXlY7GbJxfsE8/nvKkUEU1G38c1siN6QP6a9PT9MmHB8GnpscSmMJSoF8LOIrt8ud/wPtojys4G6+g==

scryptsy@^2.0.0:
  version "2.0.0"
  resolved "https://registry.yarnpkg.com/scryptsy/-/scryptsy-2.0.0.tgz#262c36f0231cfa7654e2363fa394cd2dec66f378"
  integrity sha1-Jiw28CMc+nZU4jY/o5TNLexm83g=

secp256k1@^3.5.2:
  version "3.6.2"
  resolved "https://registry.yarnpkg.com/secp256k1/-/secp256k1-3.6.2.tgz#da835061c833c74a12f75c73d2ec2e980f00dc1f"
  integrity sha512-90nYt7yb0LmI4A2jJs1grglkTAXrBwxYAjP9bpeKjvJKOjG2fOeH/YI/lchDMIvjrOasd5QXwvV2jwN168xNng==
  dependencies:
    bindings "^1.2.1"
    bip66 "^1.1.3"
    bn.js "^4.11.3"
    create-hash "^1.1.2"
    drbg.js "^1.0.1"
    elliptic "^6.2.3"
    nan "^2.2.1"
    safe-buffer "^5.1.0"

semver@^5.6.0:
  version "5.6.0"
  resolved "https://registry.yarnpkg.com/semver/-/semver-5.6.0.tgz#7e74256fbaa49c75aa7c7a205cc22799cac80004"
  integrity sha512-RS9R6R35NYgQn++fkDWaOmqGoj4Ek9gGs+DPxNUZKuwE183xjJroKvyo1IzVFeXvUrvmALy6FWD5xrdJT25gMg==

sha.js@^2.4.0, sha.js@^2.4.8:
  version "2.4.11"
  resolved "https://registry.yarnpkg.com/sha.js/-/sha.js-2.4.11.tgz#37a5cf0b81ecbc6943de109ba2960d1b26584ae7"
  integrity sha512-QMEp5B7cftE7APOjk5Y6xgrbWu+WkLVQwk8JNjZ8nKRciZaByEW6MubieAiToS7+dwvrjGhH8jRXz3MVd0AYqQ==
  dependencies:
    inherits "^2.0.1"
    safe-buffer "^5.0.1"

sonic-boom@^0.7.1:
  version "0.7.3"
  resolved "https://registry.yarnpkg.com/sonic-boom/-/sonic-boom-0.7.3.tgz#cbfc18e87c2b8078b00e38ad9475c05fce5ea696"
  integrity sha512-A9EyoIeLD+g9vMLYQKjNCatJtAKdBQMW03+L8ZWWX/A6hq+srRCwdqHrBD1R8oSMLXov3oHN13dljtZf12q2Ow==
  dependencies:
    flatstr "^1.0.9"

split2@^3.0.0:
  version "3.1.0"
  resolved "https://registry.yarnpkg.com/split2/-/split2-3.1.0.tgz#064bbfac70cdb66f77827870d42f159a8b442201"
  integrity sha512-ePE1otNQVMnBRyqf3INbZvZwBPGsdBDThgrOWZ6z8zXGNVQNVCSEoOO9aBMTzDN1mXoNSZJ2kHSFH7AA5SPWww==
  dependencies:
    readable-stream "^3.0.0"

string_decoder@^1.1.1:
  version "1.2.0"
  resolved "https://registry.yarnpkg.com/string_decoder/-/string_decoder-1.2.0.tgz#fe86e738b19544afe70469243b2a1ee9240eae8d"
  integrity sha512-6YqyX6ZWEYguAxgZzHGL7SsCeGx3V2TtOTqZz1xSTSWnqsbWwbptafNyvf/ACquZUXV3DANr5BDIwNYe1mN42w==
  dependencies:
    safe-buffer "~5.1.0"

supports-color@^5.3.0:
  version "5.5.0"
  resolved "https://registry.yarnpkg.com/supports-color/-/supports-color-5.5.0.tgz#e2e69a44ac8772f78a1ec0b35b689df6530efc8f"
  integrity sha512-QjVjwdXIt408MIiAqCX4oUKsgU2EqAGzs2Ppkm4aQYbjm+ZEWEcW4SfFNTr4uMNZma0ey4f5lgLrkB0aX0QMow==
  dependencies:
    has-flag "^3.0.0"

thirty-two@1.0.2:
  version "1.0.2"
  resolved "https://registry.yarnpkg.com/thirty-two/-/thirty-two-1.0.2.tgz#4ca2fffc02a51290d2744b9e3f557693ca6b627a"
  integrity sha1-TKL//AKlEpDSdEueP1V2k8prYno=

timezone-support@^1.8.0:
  version "1.8.1"
  resolved "https://registry.yarnpkg.com/timezone-support/-/timezone-support-1.8.1.tgz#0a8c04d0614be6fccdd2280aaad5072fa5d31e5f"
  integrity sha512-+pKzxoUe4PZXaQcswceJlA+69oRyyu1uivnYKdpsC7eGzZiuvTLbU4WYPqTKslEsoSvjN8k/u/6qNfGikBB/wA==
  dependencies:
    commander "2.19.0"

tiny-glob@^0.2.3:
  version "0.2.6"
  resolved "https://registry.yarnpkg.com/tiny-glob/-/tiny-glob-0.2.6.tgz#9e056e169d9788fe8a734dfa1ff02e9b92ed7eda"
  integrity sha512-A7ewMqPu1B5PWwC3m7KVgAu96Ch5LA0w4SnEN/LbDREj/gAD0nPWboRbn8YoP9ISZXqeNAlMvKSKoEuhcfK3Pw==
  dependencies:
    globalyzer "^0.1.0"
    globrex "^0.1.1"

tiny-secp256k1@^1.0.0:
  version "1.0.1"
  resolved "https://registry.yarnpkg.com/tiny-secp256k1/-/tiny-secp256k1-1.0.1.tgz#fc6f96529c22b92be91e12de4040fdd9245f7835"
  integrity sha512-Wz2kMPWtCI5XBftFeF3bUL8uz2+VlasniKwOkRPjvL7h1QVd9rbhrve/HWUu747kJKzVf1XHonzcdM4Ut8fvww==
  dependencies:
    bindings "^1.3.0"
    bn.js "^4.11.8"
    create-hmac "^1.1.7"
    elliptic "^6.4.0"
    nan "^2.10.0"

topo@3.x.x:
  version "3.0.3"
  resolved "https://registry.yarnpkg.com/topo/-/topo-3.0.3.tgz#d5a67fb2e69307ebeeb08402ec2a2a6f5f7ad95c"
  integrity sha512-IgpPtvD4kjrJ7CRA3ov2FhWQADwv+Tdqbsf1ZnPUSAtCJ9e1Z44MmoSGDXGk4IppoZA7jd/QRkNddlLJWlUZsQ==
  dependencies:
    hoek "6.x.x"

typechecker@^4.0.1, typechecker@^4.3.0:
  version "4.7.0"
  resolved "https://registry.yarnpkg.com/typechecker/-/typechecker-4.7.0.tgz#5249f427358f45b7250c4924fd4d01ed9ba435e9"
  integrity sha512-4LHc1KMNJ6NDGO+dSM/yNfZQRtp8NN7psYrPHUblD62Dvkwsp3VShsbM78kOgpcmMkRTgvwdKOTjctS+uMllgQ==
  dependencies:
    editions "^2.1.0"

typeforce@^1.11.5:
  version "1.18.0"
  resolved "https://registry.yarnpkg.com/typeforce/-/typeforce-1.18.0.tgz#d7416a2c5845e085034d70fcc5b6cc4a90edbfdc"
  integrity sha512-7uc1O8h1M1g0rArakJdf0uLRSSgFcYexrVoKo+bzJd32gd4gDy2L/Z+8/FjPnU9ydY3pEnVPtr9FyscYY60K1g==

universalify@^0.1.0:
  version "0.1.2"
  resolved "https://registry.yarnpkg.com/universalify/-/universalify-0.1.2.tgz#b646f69be3942dabcecc9d6639c80dc105efaa66"
  integrity sha512-rBJeI5CXAlmy1pV+617WB9J63U6XcazHHF2f2dbJix4XzpUF0RS3Zbj0FGIOCAva5P/d/GBOYaACQ1w+0azUkg==

unorm@^1.3.3:
  version "1.5.0"
  resolved "https://registry.yarnpkg.com/unorm/-/unorm-1.5.0.tgz#01fa9b76f1c60f7916834605c032aa8962c3f00a"
  integrity sha512-sMfSWoiRaXXeDZSXC+YRZ23H4xchQpwxjpw1tmfR+kgbBCaOgln4NI0LXejJIhnBuKINrB3WRn+ZI8IWssirVw==

util-deprecate@^1.0.1:
  version "1.0.2"
  resolved "https://registry.yarnpkg.com/util-deprecate/-/util-deprecate-1.0.2.tgz#450d4dc9fa70de732762fbd2d4a28981419a0ccf"
  integrity sha1-RQ1Nyfpw3nMnYvvS1KKJgUGaDM8=

webpack-merge@^4.1.4:
  version "4.2.1"
  resolved "https://registry.yarnpkg.com/webpack-merge/-/webpack-merge-4.2.1.tgz#5e923cf802ea2ace4fd5af1d3247368a633489b4"
  integrity sha512-4p8WQyS98bUJcCvFMbdGZyZmsKuWjWVnVHnAS3FFg0HDaRVrPbkivx2RYCre8UiemD67RsiFFLfn4JhLAin8Vw==
  dependencies:
    lodash "^4.17.5"

webpack-node-externals@^1.7.2:
  version "1.7.2"
  resolved "https://registry.yarnpkg.com/webpack-node-externals/-/webpack-node-externals-1.7.2.tgz#6e1ee79ac67c070402ba700ef033a9b8d52ac4e3"
  integrity sha512-ajerHZ+BJKeCLviLUUmnyd5B4RavLF76uv3cs6KNuO8W+HuQaEs0y0L7o40NQxdPy5w0pcv8Ew7yPUAQG0UdCg==

wif@^2.0.6:
  version "2.0.6"
  resolved "https://registry.yarnpkg.com/wif/-/wif-2.0.6.tgz#08d3f52056c66679299726fade0d432ae74b4704"
  integrity sha1-CNP1IFbGZnkplyb63g1DKudLRwQ=
  dependencies:
    bs58check "<3.0.0"

wrappy@1:
  version "1.0.2"
  resolved "https://registry.yarnpkg.com/wrappy/-/wrappy-1.0.2.tgz#b5243d8f3ec1aa35f1364605bc0d1036e30ab69f"
  integrity sha1-tSQ9jz7BqjXxNkYFvA0QNuMKtp8=
